
Microsoft Visual Studio Solution File, Format Version 12.00
# Visual Studio Version 17
VisualStudioVersion = 17.10.34916.146
MinimumVisualStudioVersion = 10.0.40219.1
Project("{9A19103F-16F7-4668-BE54-9A1E7A4F7556}") = "PinewoodTask", "PinewoodTask\PinewoodTask.csproj", "{EA864714-D93B-4BB0-AC87-ABDC499DE25A}"
EndProject
Project("{9A19103F-16F7-4668-BE54-9A1E7A4F7556}") = "WebUi", "WebUi\WebUi.csproj", "{2B419548-6F11-44B2-B02B-DBF1351D2FC0}"
EndProject
Project("{9A19103F-16F7-4668-BE54-9A1E7A4F7556}") = "Db", "Db\Db.csproj", "{2155613A-783C-44A5-9830-DAE5001920F5}"
EndProject
Project("{9A19103F-16F7-4668-BE54-9A1E7A4F7556}") = "WebApi", "WebApi\WebApi.csproj", "{69A92495-925A-4EF7-9EBD-6F05308F5F4C}"
EndProject
Project("{9A19103F-16F7-4668-BE54-9A1E7A4F7556}") = "Http", "Http\Http.csproj", "{2B4D1D1A-7F28-4E0E-BF92-EE36EF47A20E}"
EndProject
Global
	GlobalSection(SolutionConfigurationPlatforms) = preSolution
		Debug|Any CPU = Debug|Any CPU
		Release|Any CPU = Release|Any CPU
	EndGlobalSection
	GlobalSection(ProjectConfigurationPlatforms) = postSolution
		{EA864714-D93B-4BB0-AC87-ABDC499DE25A}.Debug|Any CPU.ActiveCfg = Debug|Any CPU
		{EA864714-D93B-4BB0-AC87-ABDC499DE25A}.Debug|Any CPU.Build.0 = Debug|Any CPU
		{EA864714-D93B-4BB0-AC87-ABDC499DE25A}.Release|Any CPU.ActiveCfg = Release|Any CPU
		{EA864714-D93B-4BB0-AC87-ABDC499DE25A}.Release|Any CPU.Build.0 = Release|Any CPU
		{2B419548-6F11-44B2-B02B-DBF1351D2FC0}.Debug|Any CPU.ActiveCfg = Debug|Any CPU
		{2B419548-6F11-44B2-B02B-DBF1351D2FC0}.Debug|Any CPU.Build.0 = Debug|Any CPU
		{2B419548-6F11-44B2-B02B-DBF1351D2FC0}.Release|Any CPU.ActiveCfg = Release|Any CPU
		{2B419548-6F11-44B2-B02B-DBF1351D2FC0}.Release|Any CPU.Build.0 = Release|Any CPU
		{2155613A-783C-44A5-9830-DAE5001920F5}.Debug|Any CPU.ActiveCfg = Debug|Any CPU
		{2155613A-783C-44A5-9830-DAE5001920F5}.Debug|Any CPU.Build.0 = Debug|Any CPU
		{2155613A-783C-44A5-9830-DAE5001920F5}.Release|Any CPU.ActiveCfg = Release|Any CPU
		{2155613A-783C-44A5-9830-DAE5001920F5}.Release|Any CPU.Build.0 = Release|Any CPU
		{69A92495-925A-4EF7-9EBD-6F05308F5F4C}.Debug|Any CPU.ActiveCfg = Debug|Any CPU
		{69A92495-925A-4EF7-9EBD-6F05308F5F4C}.Debug|Any CPU.Build.0 = Debug|Any CPU
		{69A92495-925A-4EF7-9EBD-6F05308F5F4C}.Release|Any CPU.ActiveCfg = Release|Any CPU
		{69A92495-925A-4EF7-9EBD-6F05308F5F4C}.Release|Any CPU.Build.0 = Release|Any CPU
		{2B4D1D1A-7F28-4E0E-BF92-EE36EF47A20E}.Debug|Any CPU.ActiveCfg = Debug|Any CPU
		{2B4D1D1A-7F28-4E0E-BF92-EE36EF47A20E}.Debug|Any CPU.Build.0 = Debug|Any CPU
		{2B4D1D1A-7F28-4E0E-BF92-EE36EF47A20E}.Release|Any CPU.ActiveCfg = Release|Any CPU
		{2B4D1D1A-7F28-4E0E-BF92-EE36EF47A20E}.Release|Any CPU.Build.0 = Release|Any CPU
	EndGlobalSection
	GlobalSection(SolutionProperties) = preSolution
		HideSolutionNode = FALSE
	EndGlobalSection
	GlobalSection(ExtensibilityGlobals) = postSolution
		SolutionGuid = {1D4108BA-5E60-4795-9055-6ED7EAFC4C9C}
	EndGlobalSection
EndGlobal
